{
  "nodes": {
    "nixpkgs": {
      "locked": {
        "lastModified": 1733879541,
        "narHash": "sha256-RHRE+z6x+uEMw4sj7of5CRKSz0b0BenQqhFBo7uKd0w=",
        "owner": "NixOS",
        "repo": "nixpkgs",
        "rev": "caab0be8a318274e193d0ef5ae43b295df289e9b",
        "type": "github"
      },
      "original": {
        "owner": "NixOS",
        "repo": "nixpkgs",
        "type": "github"
      }
    },
    "root": {
      "inputs": {
        "nixpkgs": "nixpkgs"
      }
    }
  },
  "root": "root",
  "version": 7
}
