{
  "nodes": {
    "nixpkgs": {
      "locked": {
        "lastModified": 1754580970,
        "narHash": "sha256-VYVVnuSzczKUCf25N9P12Vi6pTe+srgSeGkzM24hE2I=",
        "owner": "nixos",
        "repo": "nixpkgs",
        "rev": "e117c523a3ee4ee313b87381eabc02612680b0b0",
        "type": "github"
      },
      "original": {
        "owner": "nixos",
        "repo": "nixpkgs",
        "type": "github"
      }
    },
    "root": {
      "inputs": {
        "nixpkgs": "nixpkgs"
      }
    }
  },
  "root": "root",
  "version": 7
}
