{
  "nodes": {
    "nixpkgs": {
      "locked": {
        "lastModified": 1757292080,
        "narHash": "sha256-xJ19rCVvFcyu/3kuw17NKn2yJTjvvbdTfWUb3GpLKRM=",
        "owner": "NixOS",
        "repo": "nixpkgs",
        "rev": "b2e6b00998ef2bbc19371c2d59a9e684f29c724f",
        "type": "github"
      },
      "original": {
        "owner": "NixOS",
        "repo": "nixpkgs",
        "type": "github"
      }
    },
    "root": {
      "inputs": {
        "nixpkgs": "nixpkgs"
      }
    }
  },
  "root": "root",
  "version": 7
}
