{
  "nodes": {
    "nixpkgs": {
      "locked": {
        "lastModified": 1759741628,
        "narHash": "sha256-ZSo0HHGmtC8yn0LUc4HbtJ26M0oELb64h5C8YJYFKNw=",
        "owner": "NixOS",
        "repo": "nixpkgs",
        "rev": "65fb719b8c3408661c187bc119a9d2e5a58f30fa",
        "type": "github"
      },
      "original": {
        "owner": "NixOS",
        "repo": "nixpkgs",
        "type": "github"
      }
    },
    "root": {
      "inputs": {
        "nixpkgs": "nixpkgs"
      }
    }
  },
  "root": "root",
  "version": 7
}
