{
  "nodes": {
    "nixpkgs": {
      "locked": {
        "lastModified": 1761029815,
        "narHash": "sha256-oGHKbmi0DbpAvXH2IjqEPvlht6dw9SKZKYENRBD5DNc=",
        "owner": "NixOS",
        "repo": "nixpkgs",
        "rev": "d87cd3504be6a641c4b95fd3ef0ef5cf996c3d18",
        "type": "github"
      },
      "original": {
        "owner": "NixOS",
        "repo": "nixpkgs",
        "type": "github"
      }
    },
    "root": {
      "inputs": {
        "nixpkgs": "nixpkgs"
      }
    }
  },
  "root": "root",
  "version": 7
}
