{
  "nodes": {
    "nixpkgs": {
      "locked": {
        "lastModified": 1709701477,
        "narHash": "sha256-yVtLFLJrZXpEb2K/eav4lJTpkOJLMJIoGfOY9xRf4tI=",
        "owner": "NixOS",
        "repo": "nixpkgs",
        "rev": "8ca587c437949f417082d6c0d6e9f54fd1a64a65",
        "type": "github"
      },
      "original": {
        "owner": "NixOS",
        "repo": "nixpkgs",
        "type": "github"
      }
    },
    "root": {
      "inputs": {
        "nixpkgs": "nixpkgs"
      }
    }
  },
  "root": "root",
  "version": 7
}
