{
  "nodes": {
    "nixpkgs": {
      "locked": {
        "lastModified": 1757292659,
        "narHash": "sha256-HcOHsvOsIZunrecexEFb81w1hR7STTP64mjG0JTRwMY=",
        "owner": "nixos",
        "repo": "nixpkgs",
        "rev": "1af473c06aed81174726d3e41e3092b3b2f46f05",
        "type": "github"
      },
      "original": {
        "owner": "nixos",
        "repo": "nixpkgs",
        "type": "github"
      }
    },
    "root": {
      "inputs": {
        "nixpkgs": "nixpkgs"
      }
    }
  },
  "root": "root",
  "version": 7
}
