{
  "nodes": {
    "nixpkgs": {
      "locked": {
        "lastModified": 1740072979,
        "narHash": "sha256-vz4MDcZiUnxwuxbybUU8Vq8YJhMWTDTFQURLo6hbLeM=",
        "owner": "NixOS",
        "repo": "nixpkgs",
        "rev": "600f03d7b64cb00e7a7dc869f0e89b638fded931",
        "type": "github"
      },
      "original": {
        "owner": "NixOS",
        "repo": "nixpkgs",
        "type": "github"
      }
    },
    "root": {
      "inputs": {
        "nixpkgs": "nixpkgs"
      }
    }
  },
  "root": "root",
  "version": 7
}
