{
  "nodes": {
    "nixpkgs": {
      "locked": {
        "lastModified": 1739517164,
        "narHash": "sha256-LDJWtsORbfs/COce+N/Sw8zFp5ox+zdz6YldATAwUvw=",
        "owner": "nixos",
        "repo": "nixpkgs",
        "rev": "2c440d7856598f9dd171a177ab8db1b70e2db29b",
        "type": "github"
      },
      "original": {
        "owner": "nixos",
        "repo": "nixpkgs",
        "type": "github"
      }
    },
    "root": {
      "inputs": {
        "nixpkgs": "nixpkgs"
      }
    }
  },
  "root": "root",
  "version": 7
}
