{
  "nodes": {
    "nixpkgs": {
      "locked": {
        "lastModified": 1755475944,
        "narHash": "sha256-OTchvXA8GBvneggUIvtZSia2TNHDM6+LSLEsmqnqTT0=",
        "owner": "NixOS",
        "repo": "nixpkgs",
        "rev": "777751dd17354b85293b9bd33e00e3ee9042549d",
        "type": "github"
      },
      "original": {
        "owner": "NixOS",
        "repo": "nixpkgs",
        "type": "github"
      }
    },
    "root": {
      "inputs": {
        "nixpkgs": "nixpkgs"
      }
    }
  },
  "root": "root",
  "version": 7
}
