{
  "nodes": {
    "nixpkgs": {
      "locked": {
        "lastModified": 1715940107,
        "narHash": "sha256-Jl5tpBr/3iqaP/E3QIPDsrAFVqFy2RGTagqM8gn9IWY=",
        "owner": "NixOS",
        "repo": "nixpkgs",
        "rev": "4ee81ce93bbca2f5924af8217e1efcb5f57edbcd",
        "type": "github"
      },
      "original": {
        "owner": "NixOS",
        "repo": "nixpkgs",
        "type": "github"
      }
    },
    "root": {
      "inputs": {
        "nixpkgs": "nixpkgs"
      }
    }
  },
  "root": "root",
  "version": 7
}
