{
  "nodes": {
    "nixpkgs": {
      "locked": {
        "lastModified": 1720000787,
        "narHash": "sha256-vxv6suKy72p9cidAmsK+jeOJLQLXxmVhb6S9bBTXniY=",
        "owner": "NixOS",
        "repo": "nixpkgs",
        "rev": "15927edc6db99e97cf36e7f6c793dbb7bbfb10f4",
        "type": "github"
      },
      "original": {
        "owner": "NixOS",
        "repo": "nixpkgs",
        "type": "github"
      }
    },
    "root": {
      "inputs": {
        "nixpkgs": "nixpkgs",
        "rust-overlay": "rust-overlay"
      }
    },
    "rust-overlay": {
      "inputs": {
        "nixpkgs": [
          "nixpkgs"
        ]
      },
      "locked": {
        "lastModified": 1719973106,
        "narHash": "sha256-IGCdN/m7DfwUfxZjFnlTiTtpwSHCb01P/LWavAKD2jw=",
        "owner": "oxalica",
        "repo": "rust-overlay",
        "rev": "fb733500aead50880b9b301f34a0061bf997d6f2",
        "type": "github"
      },
      "original": {
        "owner": "oxalica",
        "repo": "rust-overlay",
        "type": "github"
      }
    }
  },
  "root": "root",
  "version": 7
}
