{
  "nodes": {
    "nixpkgs": {
      "locked": {
        "lastModified": 1725197830,
        "narHash": "sha256-UHbDhTqZ204OLWdKPSmK2MdHyxOagVfknlZtz5dytd8=",
        "owner": "NixOS",
        "repo": "nixpkgs",
        "rev": "6c0fdcf8c437e719369342e47642ca94bbabe45f",
        "type": "github"
      },
      "original": {
        "owner": "NixOS",
        "repo": "nixpkgs",
        "type": "github"
      }
    },
    "root": {
      "inputs": {
        "nixpkgs": "nixpkgs"
      }
    }
  },
  "root": "root",
  "version": 7
}
