{
  "nodes": {
    "fenix": {
      "inputs": {
        "nixpkgs": [
          "nixpkgs"
        ],
        "rust-analyzer-src": "rust-analyzer-src"
      },
      "locked": {
        "lastModified": 1752993983,
        "narHash": "sha256-3YKCySMNhFDdHbFiRS4QbEwk0U5l42NMD1scDtniESY=",
        "owner": "nix-community",
        "repo": "fenix",
        "rev": "62105e0745d7450976b26dbd1497b8cbe15eb9ff",
        "type": "github"
      },
      "original": {
        "owner": "nix-community",
        "repo": "fenix",
        "type": "github"
      }
    },
    "nixpkgs": {
      "locked": {
        "lastModified": 1753075352,
        "narHash": "sha256-FmU+AgV86d6INjCjZawTfbkknjjZIaYzS2fcUuEP6Uw=",
        "owner": "nixos",
        "repo": "nixpkgs",
        "rev": "d586a8d90106e7a312e2540d019561531577774b",
        "type": "github"
      },
      "original": {
        "owner": "nixos",
        "repo": "nixpkgs",
        "type": "github"
      }
    },
    "root": {
      "inputs": {
        "fenix": "fenix",
        "nixpkgs": "nixpkgs"
      }
    },
    "rust-analyzer-src": {
      "flake": false,
      "locked": {
        "lastModified": 1752913824,
        "narHash": "sha256-kRpDlijAr4p5VmcPSRw2mfhaBZ4cE3EDWzqLDIbASgA=",
        "owner": "rust-lang",
        "repo": "rust-analyzer",
        "rev": "ed193af36937d2fd4bb14a815ec589875c5c7304",
        "type": "github"
      },
      "original": {
        "owner": "rust-lang",
        "ref": "nightly",
        "repo": "rust-analyzer",
        "type": "github"
      }
    }
  },
  "root": "root",
  "version": 7
}
