{
  "nodes": {
    "nixpkgs": {
      "locked": {
        "lastModified": 1727506465,
        "narHash": "sha256-3kTzEJ3X+RmNB9hamk+HnRj4MVLuZ2nzGaT1IeKuHZg=",
        "owner": "NixOS",
        "repo": "nixpkgs",
        "rev": "0c839cfcda894af2030d5731414542a92a7af207",
        "type": "github"
      },
      "original": {
        "owner": "NixOS",
        "repo": "nixpkgs",
        "type": "github"
      }
    },
    "root": {
      "inputs": {
        "nixpkgs": "nixpkgs",
        "rust-overlay": "rust-overlay"
      }
    },
    "rust-overlay": {
      "inputs": {
        "nixpkgs": [
          "nixpkgs"
        ]
      },
      "locked": {
        "lastModified": 1727490462,
        "narHash": "sha256-OrrPiNBiikv9BR464XTT75FzOq7tKAvMbMi7YOKVIeg=",
        "owner": "oxalica",
        "repo": "rust-overlay",
        "rev": "11a13e50debafae4ae802f1d6b8585101516dd93",
        "type": "github"
      },
      "original": {
        "owner": "oxalica",
        "repo": "rust-overlay",
        "type": "github"
      }
    }
  },
  "root": "root",
  "version": 7
}
