{
  "nodes": {
    "nixpkgs": {
      "locked": {
        "lastModified": 1744326146,
        "narHash": "sha256-R3UNXoG5OoPyvD0f05zSUu8QljEqpMbEg2mpn+ekZJc=",
        "owner": "NixOS",
        "repo": "nixpkgs",
        "rev": "3cc65eac1467c522aab0af30310f9f17d959e4c6",
        "type": "github"
      },
      "original": {
        "owner": "NixOS",
        "repo": "nixpkgs",
        "type": "github"
      }
    },
    "root": {
      "inputs": {
        "nixpkgs": "nixpkgs",
        "rust-overlay": "rust-overlay"
      }
    },
    "rust-overlay": {
      "inputs": {
        "nixpkgs": [
          "nixpkgs"
        ]
      },
      "locked": {
        "lastModified": 1744252416,
        "narHash": "sha256-Vrs2GxaL0tLi9GCIUrutHgPSr+g7GYCetu7argsNrB4=",
        "owner": "oxalica",
        "repo": "rust-overlay",
        "rev": "2af83121f9d2c5281796e60e2b048906a84b9fac",
        "type": "github"
      },
      "original": {
        "owner": "oxalica",
        "repo": "rust-overlay",
        "type": "github"
      }
    }
  },
  "root": "root",
  "version": 7
}
