{
  "nodes": {
    "nixpkgs": {
      "locked": {
        "lastModified": 1754580441,
        "narHash": "sha256-HEn9c1ZZKBknYSHluSlRkYLmfCW03WU510iZPc05gZc=",
        "owner": "NixOS",
        "repo": "nixpkgs",
        "rev": "3e41a080ebdb88748fceeb3620a291b47980933a",
        "type": "github"
      },
      "original": {
        "owner": "NixOS",
        "repo": "nixpkgs",
        "type": "github"
      }
    },
    "root": {
      "inputs": {
        "nixpkgs": "nixpkgs"
      }
    }
  },
  "root": "root",
  "version": 7
}
