{
  "nodes": {
    "easy-purescript-nix": {
      "flake": false,
      "locked": {
        "lastModified": 1710161569,
        "narHash": "sha256-lcIRIOFCdIWEGyKyG/tB4KvxM9zoWuBRDxW+T+mvIb0=",
        "owner": "justinwoo",
        "repo": "easy-purescript-nix",
        "rev": "117fd96acb69d7d1727df95b6fde9d8715e031fc",
        "type": "github"
      },
      "original": {
        "owner": "justinwoo",
        "repo": "easy-purescript-nix",
        "type": "github"
      }
    },
    "nixpkgs": {
      "locked": {
        "lastModified": 1733879541,
        "narHash": "sha256-RHRE+z6x+uEMw4sj7of5CRKSz0b0BenQqhFBo7uKd0w=",
        "owner": "NixOS",
        "repo": "nixpkgs",
        "rev": "caab0be8a318274e193d0ef5ae43b295df289e9b",
        "type": "github"
      },
      "original": {
        "owner": "NixOS",
        "repo": "nixpkgs",
        "type": "github"
      }
    },
    "root": {
      "inputs": {
        "easy-purescript-nix": "easy-purescript-nix",
        "nixpkgs": "nixpkgs"
      }
    }
  },
  "root": "root",
  "version": 7
}
