{
  "nodes": {
    "easy-purescript-nix": {
      "flake": false,
      "locked": {
        "lastModified": 1754252604,
        "narHash": "sha256-Ta/HhK3BJ/yG7IYUWvqhOyQw5+R/a0fLAJeusFTNmKk=",
        "owner": "justinwoo",
        "repo": "easy-purescript-nix",
        "rev": "b5ded0a376d29605f5c7b27c6d55600028995bac",
        "type": "github"
      },
      "original": {
        "owner": "justinwoo",
        "repo": "easy-purescript-nix",
        "type": "github"
      }
    },
    "nixpkgs": {
      "locked": {
        "lastModified": 1754580441,
        "narHash": "sha256-HEn9c1ZZKBknYSHluSlRkYLmfCW03WU510iZPc05gZc=",
        "owner": "NixOS",
        "repo": "nixpkgs",
        "rev": "3e41a080ebdb88748fceeb3620a291b47980933a",
        "type": "github"
      },
      "original": {
        "owner": "NixOS",
        "repo": "nixpkgs",
        "type": "github"
      }
    },
    "root": {
      "inputs": {
        "easy-purescript-nix": "easy-purescript-nix",
        "nixpkgs": "nixpkgs"
      }
    }
  },
  "root": "root",
  "version": 7
}
