{
  "nodes": {
    "nixpkgs": {
      "locked": {
        "lastModified": 1722793263,
        "narHash": "sha256-BjuzvFYejKOh2/2IQm5J3SVXIrGg33HBUD98DihZMek=",
        "owner": "nixos",
        "repo": "nixpkgs",
        "rev": "0e0ab06610ca2a9a266bf7272f818e628059a2d9",
        "type": "github"
      },
      "original": {
        "owner": "nixos",
        "repo": "nixpkgs",
        "type": "github"
      }
    },
    "root": {
      "inputs": {
        "nixpkgs": "nixpkgs"
      }
    }
  },
  "root": "root",
  "version": 7
}
