{
  "nodes": {
    "nixpkgs": {
      "locked": {
        "lastModified": 1727506465,
        "narHash": "sha256-3kTzEJ3X+RmNB9hamk+HnRj4MVLuZ2nzGaT1IeKuHZg=",
        "owner": "nixos",
        "repo": "nixpkgs",
        "rev": "0c839cfcda894af2030d5731414542a92a7af207",
        "type": "github"
      },
      "original": {
        "owner": "nixos",
        "repo": "nixpkgs",
        "type": "github"
      }
    },
    "root": {
      "inputs": {
        "nixpkgs": "nixpkgs"
      }
    }
  },
  "root": "root",
  "version": 7
}
