{
  "nodes": {
    "nixpkgs": {
      "locked": {
        "lastModified": 1752545153,
        "narHash": "sha256-Pf4Lu0TaeGySC1FMyUjrSEU4gKacJ1xdjUU/AR80lxs=",
        "owner": "NixOS",
        "repo": "nixpkgs",
        "rev": "b45d44789274f5f4fcce6ecf2ba5ea556c644649",
        "type": "github"
      },
      "original": {
        "owner": "NixOS",
        "repo": "nixpkgs",
        "type": "github"
      }
    },
    "root": {
      "inputs": {
        "nixpkgs": "nixpkgs"
      }
    }
  },
  "root": "root",
  "version": 7
}
