{
  "nodes": {
    "nixpkgs": {
      "locked": {
        "lastModified": 1720000787,
        "narHash": "sha256-vxv6suKy72p9cidAmsK+jeOJLQLXxmVhb6S9bBTXniY=",
        "owner": "NixOS",
        "repo": "nixpkgs",
        "rev": "15927edc6db99e97cf36e7f6c793dbb7bbfb10f4",
        "type": "github"
      },
      "original": {
        "owner": "NixOS",
        "repo": "nixpkgs",
        "type": "github"
      }
    },
    "root": {
      "inputs": {
        "nixpkgs": "nixpkgs"
      }
    }
  },
  "root": "root",
  "version": 7
}
